
Microsoft Visual Studio Solution File, Format Version 12.00
# Visual Studio Version 17
VisualStudioVersion = 17.2.32526.322
MinimumVisualStudioVersion = 10.0.40219.1
Project("{FAE04EC0-301F-11D3-BF4B-00C04F79EFBC}") = "CryptoMiner", "CryptoMiner\CryptoMiner.csproj", "{4DDCB4EB-33B8-44D1-9DBE-ABA276E12153}"
EndProject
Global
	GlobalSection(SolutionConfigurationPlatforms) = preSolution
		Debug|Any CPU = Debug|Any CPU
		Release|Any CPU = Release|Any CPU
	EndGlobalSection
	GlobalSection(ProjectConfigurationPlatforms) = postSolution
		{4DDCB4EB-33B8-44D1-9DBE-ABA276E12153}.Debug|Any CPU.ActiveCfg = Debug|Any CPU
		{4DDCB4EB-33B8-44D1-9DBE-ABA276E12153}.Debug|Any CPU.Build.0 = Debug|Any CPU
		{4DDCB4EB-33B8-44D1-9DBE-ABA276E12153}.Release|Any CPU.ActiveCfg = Release|Any CPU
		{4DDCB4EB-33B8-44D1-9DBE-ABA276E12153}.Release|Any CPU.Build.0 = Release|Any CPU
	EndGlobalSection
	GlobalSection(SolutionProperties) = preSolution
		HideSolutionNode = FALSE
	EndGlobalSection
	GlobalSection(ExtensibilityGlobals) = postSolution
		SolutionGuid = {8C5E4537-C8C2-4DA9-82AA-CAFF570A0010}
	EndGlobalSection
EndGlobal
